
Microsoft Visual Studio Solution File, Format Version 12.00
# Visual Studio Version 16
VisualStudioVersion = 16.0.31702.278
MinimumVisualStudioVersion = 10.0.40219.1
Project("{9A19103F-16F7-4668-BE54-9A1E7A4F7556}") = "TmLox", "TmLox\TmLox.csproj", "{E933F84A-97FA-4DFB-A106-1E23D66AA649}"
EndProject
Project("{FAE04EC0-301F-11D3-BF4B-00C04F79EFBC}") = "TmLox.Interpreter", "TmLox.Interpreter\TmLox.Interpreter.csproj", "{EEB3E596-3965-495E-A743-A374D6B8B62A}"
EndProject
Global
	GlobalSection(SolutionConfigurationPlatforms) = preSolution
		Debug|Any CPU = Debug|Any CPU
		Release|Any CPU = Release|Any CPU
	EndGlobalSection
	GlobalSection(ProjectConfigurationPlatforms) = postSolution
		{E933F84A-97FA-4DFB-A106-1E23D66AA649}.Debug|Any CPU.ActiveCfg = Debug|Any CPU
		{E933F84A-97FA-4DFB-A106-1E23D66AA649}.Debug|Any CPU.Build.0 = Debug|Any CPU
		{E933F84A-97FA-4DFB-A106-1E23D66AA649}.Release|Any CPU.ActiveCfg = Release|Any CPU
		{E933F84A-97FA-4DFB-A106-1E23D66AA649}.Release|Any CPU.Build.0 = Release|Any CPU
		{EEB3E596-3965-495E-A743-A374D6B8B62A}.Debug|Any CPU.ActiveCfg = Debug|Any CPU
		{EEB3E596-3965-495E-A743-A374D6B8B62A}.Debug|Any CPU.Build.0 = Debug|Any CPU
		{EEB3E596-3965-495E-A743-A374D6B8B62A}.Release|Any CPU.ActiveCfg = Release|Any CPU
		{EEB3E596-3965-495E-A743-A374D6B8B62A}.Release|Any CPU.Build.0 = Release|Any CPU
	EndGlobalSection
	GlobalSection(SolutionProperties) = preSolution
		HideSolutionNode = FALSE
	EndGlobalSection
	GlobalSection(ExtensibilityGlobals) = postSolution
		SolutionGuid = {021516C6-79BA-498F-BB3C-6BF7B924C13F}
	EndGlobalSection
EndGlobal
